<?xml version="1.0" encoding="utf-8"?>
<Project ToolsVersion="4.0" xmlns="http://schemas.microsoft.com/developer/msbuild/2003">
  <ItemGroup>
    <Filter Include="소스 파일">
      <UniqueIdentifier>{4FC737F1-C7A5-4376-A066-2A32D752A2FF}</UniqueIdentifier>
      <Extensions>cpp;c;cc;cxx;c++;cppm;ixx;def;odl;idl;hpj;bat;asm;asmx</Extensions>
    </Filter>
    <Filter Include="헤더 파일">
      <UniqueIdentifier>{93995380-89BD-4b04-88EB-625FBE52EBFB}</UniqueIdentifier>
      <Extensions>h;hh;hpp;hxx;h++;hm;inl;inc;ipp;xsd</Extensions>
    </Filter>
    <Filter Include="리소스 파일">
      <UniqueIdentifier>{67DA6AB6-F800-4c08-8B7A-83BB121AAD01}</UniqueIdentifier>
      <Extensions>rc;ico;cur;bmp;dlg;rc2;rct;bin;rgs;gif;jpg;jpeg;jpe;resx;tiff;tif;png;wav;mfcribbon-ms</Extensions>
    </Filter>
    <Filter Include="소스 파일\Scenes">
      <UniqueIdentifier>{4548f2dd-803b-4853-95e9-ec3a06087471}</UniqueIdentifier>
    </Filter>
    <Filter Include="헤더 파일\Default">
      <UniqueIdentifier>{6cf7d8ed-bb01-4bcc-9510-7cd6b6b10e2b}</UniqueIdentifier>
    </Filter>
    <Filter Include="소스 파일\Main">
      <UniqueIdentifier>{15237dc3-7659-4682-9ae6-2bb1b083bbfa}</UniqueIdentifier>
    </Filter>
    <Filter Include="소스 파일\Input">
      <UniqueIdentifier>{74297755-428b-4454-a9cb-55985c0f4850}</UniqueIdentifier>
    </Filter>
    <Filter Include="소스 파일\Player">
      <UniqueIdentifier>{63116333-be12-4777-b6c3-f768351ad918}</UniqueIdentifier>
    </Filter>
    <Filter Include="헤더 파일\Scenes">
      <UniqueIdentifier>{310a5f97-4d8b-49a3-bd8d-0cbba427befe}</UniqueIdentifier>
    </Filter>
    <Filter Include="헤더 파일\Player">
      <UniqueIdentifier>{e39d2489-1db6-4fbd-86d3-78288660a6ff}</UniqueIdentifier>
    </Filter>
    <Filter Include="헤더 파일\Input">
      <UniqueIdentifier>{324e7f95-0886-457a-8424-68d0e0f3b9f8}</UniqueIdentifier>
    </Filter>
  </ItemGroup>
  <ItemGroup>
    <ClCompile Include="src\main.cpp">
      <Filter>소스 파일\Main</Filter>
    </ClCompile>
    <ClCompile Include="src\LoadGameResources.cpp">
      <Filter>소스 파일\Main</Filter>
    </ClCompile>
    <ClCompile Include="src\RegistractionGameScenes.cpp">
      <Filter>소스 파일\Main</Filter>
    </ClCompile>
    <ClCompile Include="src\DemoScene1.cpp">
      <Filter>소스 파일\Scenes</Filter>
    </ClCompile>
    <ClCompile Include="src\DemoScene2.cpp">
      <Filter>소스 파일\Scenes</Filter>
    </ClCompile>
    <ClCompile Include="src\CameraController.cpp">
      <Filter>소스 파일</Filter>
    </ClCompile>
    <ClCompile Include="src\CubeController.cpp">
      <Filter>소스 파일</Filter>
    </ClCompile>
    <ClCompile Include="src\CubeGenerator.cpp">
      <Filter>소스 파일</Filter>
    </ClCompile>
    <ClCompile Include="src\Input\KeyMapping.cpp">
      <Filter>소스 파일\Input</Filter>
    </ClCompile>
    <ClCompile Include="src\Input\PlayerInputManager.cpp">
      <Filter>소스 파일\Input</Filter>
    </ClCompile>
    <ClCompile Include="src\Player\PlayerController.cpp">
      <Filter>소스 파일\Player</Filter>
    </ClCompile>
    <ClCompile Include="src\Player\IdleState.cpp">
      <Filter>소스 파일\Player</Filter>
    </ClCompile>
    <ClCompile Include="src\Player\JumpingState.cpp">
      <Filter>소스 파일\Player</Filter>
    </ClCompile>
    <ClCompile Include="src\Player\MovingState.cpp">
      <Filter>소스 파일\Player</Filter>
    </ClCompile>
    <ClCompile Include="src\Player\FallingState.cpp">
      <Filter>소스 파일\Player</Filter>
    </ClCompile>
    <ClCompile Include="src\Player\OnAirState.cpp">
      <Filter>소스 파일\Player</Filter>
    </ClCompile>
    <ClCompile Include="src\Player\OnGroundState.cpp">
      <Filter>소스 파일\Player</Filter>
    </ClCompile>
    <ClCompile Include="src\Player\RunningState.cpp">
      <Filter>소스 파일\Player</Filter>
    </ClCompile>
    <ClCompile Include="src\Player\WalkingState.cpp">
      <Filter>소스 파일\Player</Filter>
    </ClCompile>
    <ClCompile Include="include\Player\WalkingState.h">
      <Filter>헤더 파일\Player</Filter>
    </ClCompile>
    <ClCompile Include="src\Player\DashState.cpp">
      <Filter>소스 파일</Filter>
    </ClCompile>
    <ClCompile Include="src\Player\AttackState.cpp">
      <Filter>소스 파일</Filter>
    </ClCompile>
    <ClCompile Include="src\Player\JumpAttackState.cpp">
      <Filter>소스 파일</Filter>
    </ClCompile>
    <ClCompile Include="src\Enemy\NavigationManager.cpp">
      <Filter>소스 파일</Filter>
    </ClCompile>
    <ClCompile Include="src\Enemy\NavigationGrid.cpp">
      <Filter>소스 파일</Filter>
    </ClCompile>
    <ClCompile Include="src\Enemy\AStar.cpp">
      <Filter>소스 파일</Filter>
    </ClCompile>
    <ClCompile Include="src\BehaviorTree\BehaviorTree.cpp">
      <Filter>소스 파일</Filter>
    </ClCompile>
    <ClCompile Include="src\BehaviorTree\BehaviorNode.cpp">
      <Filter>소스 파일</Filter>
    </ClCompile>
    <ClCompile Include="src\BehaviorTree\Selector.cpp">
      <Filter>소스 파일</Filter>
    </ClCompile>
    <ClCompile Include="src\BehaviorTree\Sequence.cpp">
      <Filter>소스 파일</Filter>
    </ClCompile>
    <ClCompile Include="src\Enemy\BChaseTarget.cpp">
      <Filter>소스 파일</Filter>
    </ClCompile>
    <ClCompile Include="src\Enemy\EnemyMovement.cpp">
      <Filter>소스 파일</Filter>
    </ClCompile>
    <ClCompile Include="src\Enemy\EnemyController.cpp">
      <Filter>소스 파일</Filter>
    </ClCompile>
    <ClCompile Include="src\Enemy\BCheckTargetInMeleeAttackRange.cpp">
      <Filter>소스 파일</Filter>
    </ClCompile>
    <ClCompile Include="src\Enemy\EnemyAttack.cpp">
      <Filter>소스 파일</Filter>
    </ClCompile>
    <ClCompile Include="src\Enemy\BMeleeAttack.cpp">
      <Filter>소스 파일</Filter>
    </ClCompile>
    <ClCompile Include="src\Enemy\EnemyIdle.cpp">
      <Filter>소스 파일</Filter>
    </ClCompile>
    <ClCompile Include="src\Enemy\BIdle.cpp">
      <Filter>소스 파일</Filter>
    </ClCompile>
    <ClCompile Include="src\Enemy\EnemyAttackHitBox.cpp">
      <Filter>소스 파일</Filter>
    </ClCompile>
    <ClCompile Include="src\Player\DamageState.cpp">
      <Filter>소스 파일</Filter>
    </ClCompile>
    <ClCompile Include="src\Player\CombatState.cpp">
      <Filter>소스 파일</Filter>
    </ClCompile>
    <ClCompile Include="src\Player\PlayerAttackHitBox.cpp">
      <Filter>소스 파일</Filter>
    </ClCompile>
    <ClCompile Include="src\Common\Health.cpp">
      <Filter>소스 파일</Filter>
    </ClCompile>
    <ClCompile Include="src\Enemy\EnemyDamaged.cpp">
      <Filter>소스 파일</Filter>
    </ClCompile>
    <ClCompile Include="src\Enemy\BDamaged.cpp">
      <Filter>소스 파일</Filter>
    </ClCompile>
    <ClCompile Include="src\Enemy\EnemyDeath.cpp">
      <Filter>소스 파일</Filter>
    </ClCompile>
    <ClCompile Include="src\Enemy\BDeath.cpp">
      <Filter>소스 파일</Filter>
    </ClCompile>
    <ClCompile Include="src\Player\DeathState.cpp">
      <Filter>소스 파일</Filter>
    </ClCompile>
    <ClCompile Include="src\Effect\EffectObject.cpp">
      <Filter>소스 파일</Filter>
    </ClCompile>
    <ClCompile Include="src\Effect\EffectPoolManager.cpp">
      <Filter>소스 파일</Filter>
    </ClCompile>
    <ClCompile Include="src\Enemy\MeleeEnemyAttack.cpp">
      <Filter>소스 파일</Filter>
    </ClCompile>
    <ClCompile Include="src\Enemy\MeleeEnemyController.cpp">
      <Filter>소스 파일</Filter>
    </ClCompile>
    <ClCompile Include="src\Enemy\Thron.cpp">
      <Filter>소스 파일</Filter>
    </ClCompile>
    <ClCompile Include="src\Enemy\RangedEnemyAttack.cpp">
      <Filter>소스 파일</Filter>
    </ClCompile>
    <ClCompile Include="src\Enemy\RangedEnemyController.cpp">
      <Filter>소스 파일</Filter>
    </ClCompile>
    <ClCompile Include="src\Common\ObjectFactory.cpp">
      <Filter>소스 파일</Filter>
    </ClCompile>
    <ClCompile Include="src\Common\ObjectPoolManager.cpp">
      <Filter>소스 파일</Filter>
    </ClCompile>
    <ClCompile Include="src\Enemy\EnemySpawnManager.cpp">
      <Filter>소스 파일</Filter>
    </ClCompile>
    <ClCompile Include="src\Enemy\MeleeEnemyBehaviorTree.cpp">
      <Filter>소스 파일</Filter>
    </ClCompile>
    <ClCompile Include="src\Enemy\BRangedAttack.cpp">
      <Filter>소스 파일</Filter>
    </ClCompile>
    <ClCompile Include="src\Enemy\RangedEnemyBehaviorTree.cpp">
      <Filter>소스 파일</Filter>
    </ClCompile>
    <ClCompile Include="src\Enemy\BCheckTargetInRangedAttackRange.cpp">
      <Filter>소스 파일</Filter>
    </ClCompile>
    <ClCompile Include="src\Enemy\BossEnemyController.cpp">
      <Filter>소스 파일</Filter>
    </ClCompile>
    <ClCompile Include="src\Enemy\BossEnemyBehaviorTree.cpp">
      <Filter>소스 파일</Filter>
    </ClCompile>
    <ClCompile Include="src\Enemy\BBossMeleeAttack.cpp">
      <Filter>소스 파일</Filter>
    </ClCompile>
    <ClCompile Include="src\Enemy\BBossRangedAttack.cpp">
      <Filter>소스 파일</Filter>
    </ClCompile>
    <ClCompile Include="src\Enemy\BCheckTargetInBossMeleeRange.cpp">
      <Filter>소스 파일</Filter>
    </ClCompile>
    <ClCompile Include="src\Enemy\BCheckTargetInBossRangedRange.cpp">
      <Filter>소스 파일</Filter>
    </ClCompile>
    <ClCompile Include="src\Enemy\BossRangedAttack.cpp">
      <Filter>소스 파일</Filter>
    </ClCompile>
  </ItemGroup>
  <ItemGroup>
    <ClInclude Include="targetver.h">
      <Filter>헤더 파일\Default</Filter>
    </ClInclude>
    <ClInclude Include="resource.h">
      <Filter>헤더 파일\Default</Filter>
    </ClInclude>
    <ClInclude Include="framework.h">
      <Filter>헤더 파일\Default</Filter>
    </ClInclude>
    <ClInclude Include="main.h">
      <Filter>헤더 파일\Default</Filter>
    </ClInclude>
    <ClInclude Include="include\CameraController.h">
      <Filter>헤더 파일</Filter>
    </ClInclude>
    <ClInclude Include="include\CubeController.h">
      <Filter>헤더 파일</Filter>
    </ClInclude>
    <ClInclude Include="include\CubeGenerator.h">
      <Filter>헤더 파일</Filter>
    </ClInclude>
    <ClInclude Include="include\Singleton.h">
      <Filter>헤더 파일</Filter>
    </ClInclude>
    <ClInclude Include="include\DemoScene1.h">
      <Filter>헤더 파일\Scenes</Filter>
    </ClInclude>
    <ClInclude Include="include\DemoScene2.h">
      <Filter>헤더 파일\Scenes</Filter>
    </ClInclude>
    <ClInclude Include="include\Player\PlayerState.h">
      <Filter>헤더 파일\Player</Filter>
    </ClInclude>
    <ClInclude Include="include\Player\PlayerController.h">
      <Filter>헤더 파일\Player</Filter>
    </ClInclude>
    <ClInclude Include="include\Player\MovingState.h">
      <Filter>헤더 파일\Player</Filter>
    </ClInclude>
    <ClInclude Include="include\Player\JumpingState.h">
      <Filter>헤더 파일\Player</Filter>
    </ClInclude>
    <ClInclude Include="include\Player\IdleState.h">
      <Filter>헤더 파일\Player</Filter>
    </ClInclude>
    <ClInclude Include="include\Input\KeyMapping.h">
      <Filter>헤더 파일\Input</Filter>
    </ClInclude>
    <ClInclude Include="include\Input\PlayerInputManager.h">
      <Filter>헤더 파일\Input</Filter>
    </ClInclude>
    <ClInclude Include="include\Player\RunningState.h">
      <Filter>헤더 파일\Player</Filter>
    </ClInclude>
    <ClInclude Include="include\Player\OnAirState.h">
      <Filter>헤더 파일\Player</Filter>
    </ClInclude>
    <ClInclude Include="include\Player\FallingState.h">
      <Filter>헤더 파일\Player</Filter>
    </ClInclude>
    <ClInclude Include="include\Player\OnGroundState.h">
      <Filter>헤더 파일\Player</Filter>
    </ClInclude>
    <ClInclude Include="include\Player\DashState.h">
      <Filter>헤더 파일</Filter>
    </ClInclude>
    <ClInclude Include="include\Player\AttackState.h">
      <Filter>헤더 파일</Filter>
    </ClInclude>
    <ClInclude Include="include\Player\JumpAttackState.h">
      <Filter>헤더 파일</Filter>
    </ClInclude>
    <ClInclude Include="include\Enemy\NavigationGrid.h">
      <Filter>헤더 파일</Filter>
    </ClInclude>
    <ClInclude Include="include\Enemy\NavigationManager.h">
      <Filter>헤더 파일</Filter>
    </ClInclude>
    <ClInclude Include="include\Enemy\AStar.h">
      <Filter>헤더 파일</Filter>
    </ClInclude>
    <ClInclude Include="include\BehaviorTree\BehaviorTree.h">
      <Filter>헤더 파일</Filter>
    </ClInclude>
    <ClInclude Include="include\BehaviorTree\BehaviorNode.h">
      <Filter>헤더 파일</Filter>
    </ClInclude>
    <ClInclude Include="include\BehaviorTree\Selector.h">
      <Filter>헤더 파일</Filter>
    </ClInclude>
    <ClInclude Include="include\BehaviorTree\Sequence.h">
      <Filter>헤더 파일</Filter>
    </ClInclude>
    <ClInclude Include="include\Enemy\BChaseTarget.h">
      <Filter>헤더 파일</Filter>
    </ClInclude>
    <ClInclude Include="include\Enemy\EnemyController.h">
      <Filter>헤더 파일</Filter>
    </ClInclude>
    <ClInclude Include="include\Enemy\EnemyMovement.h">
      <Filter>헤더 파일</Filter>
    </ClInclude>
    <ClInclude Include="include\Enemy\BCheckTargetInMeleeAttackRange.h">
      <Filter>헤더 파일</Filter>
    </ClInclude>
    <ClInclude Include="include\Enemy\EnemyAttack.h">
      <Filter>헤더 파일</Filter>
    </ClInclude>
    <ClInclude Include="include\Enemy\BMeleeAttack.h">
      <Filter>헤더 파일</Filter>
    </ClInclude>
    <ClInclude Include="include\Enemy\EnemyState.h">
      <Filter>헤더 파일</Filter>
    </ClInclude>
    <ClInclude Include="include\Enemy\EnemyIdle.h">
      <Filter>헤더 파일</Filter>
    </ClInclude>
    <ClInclude Include="include\Enemy\BIdle.h">
      <Filter>헤더 파일</Filter>
    </ClInclude>
    <ClInclude Include="include\Common\HitBox.h">
      <Filter>헤더 파일</Filter>
    </ClInclude>
    <ClInclude Include="include\Enemy\EnemyAttackHitBox.h">
      <Filter>헤더 파일</Filter>
    </ClInclude>
    <ClInclude Include="include\Player\DamageState.h">
      <Filter>헤더 파일</Filter>
    </ClInclude>
    <ClInclude Include="include\Player\CombatState.h">
      <Filter>헤더 파일</Filter>
    </ClInclude>
    <ClInclude Include="include\Player\PlayerAttackHitBox.h">
      <Filter>헤더 파일</Filter>
    </ClInclude>
    <ClInclude Include="include\Common\Health.h">
      <Filter>헤더 파일</Filter>
    </ClInclude>
    <ClInclude Include="include\Enemy\EnemyDamaged.h">
      <Filter>헤더 파일</Filter>
    </ClInclude>
    <ClInclude Include="include\Enemy\BDamaged.h">
      <Filter>헤더 파일</Filter>
    </ClInclude>
    <ClInclude Include="include\Enemy\EnemyDeath.h">
      <Filter>헤더 파일</Filter>
    </ClInclude>
    <ClInclude Include="include\Enemy\BDeath.h">
      <Filter>헤더 파일</Filter>
    </ClInclude>
    <ClInclude Include="include\Player\DeathState.h">
      <Filter>헤더 파일</Filter>
    </ClInclude>
    <ClInclude Include="include\Effect\EffectPoolManager.h">
      <Filter>헤더 파일</Filter>
    </ClInclude>
    <ClInclude Include="include\Effect\EffectObject.h">
      <Filter>헤더 파일</Filter>
    </ClInclude>
    <ClInclude Include="include\Enemy\MeleeEnemyAttack.h">
      <Filter>헤더 파일</Filter>
    </ClInclude>
    <ClInclude Include="include\Enemy\MeleeEnemyController.h">
      <Filter>헤더 파일</Filter>
    </ClInclude>
    <ClInclude Include="include\Enemy\Thron.h">
      <Filter>헤더 파일</Filter>
    </ClInclude>
    <ClInclude Include="include\Enemy\RangedEnemyAttack.h">
      <Filter>헤더 파일</Filter>
    </ClInclude>
    <ClInclude Include="include\Enemy\RangedEnemyController.h">
      <Filter>헤더 파일</Filter>
    </ClInclude>
    <ClInclude Include="include\Common\ObjectPoolManager.h">
      <Filter>헤더 파일</Filter>
    </ClInclude>
    <ClInclude Include="include\Common\ObjectFactory.h">
      <Filter>헤더 파일</Filter>
    </ClInclude>
    <ClInclude Include="include\Enemy\EnemySpawnManager.h">
      <Filter>헤더 파일</Filter>
    </ClInclude>
    <ClInclude Include="include\Enemy\BossEnemyController.h">
      <Filter>헤더 파일</Filter>
    </ClInclude>
    <ClInclude Include="include\Enemy\MeleeEnemyBehaviorTree.h">
      <Filter>헤더 파일</Filter>
    </ClInclude>
    <ClInclude Include="include\Enemy\RangedEnemyBehaviorTree.h">
      <Filter>헤더 파일</Filter>
    </ClInclude>
    <ClInclude Include="include\Enemy\BRangedAttack.h">
      <Filter>헤더 파일</Filter>
    </ClInclude>
    <ClInclude Include="include\Enemy\BCheckTargetInRangedAttackRange.h">
      <Filter>헤더 파일</Filter>
    </ClInclude>
    <ClInclude Include="include\Enemy\BossEnemyBehaviorTree.h">
      <Filter>헤더 파일</Filter>
    </ClInclude>
    <ClInclude Include="include\Enemy\BBossMeleeAttack.h">
      <Filter>헤더 파일</Filter>
    </ClInclude>
    <ClInclude Include="include\Enemy\BBossRangedAttack.h">
      <Filter>헤더 파일</Filter>
    </ClInclude>
    <ClInclude Include="include\Enemy\BCheckTargetInBossMeleeRange.h">
      <Filter>헤더 파일</Filter>
    </ClInclude>
    <ClInclude Include="include\Enemy\BCheckTargetInBossRangedRange.h">
      <Filter>헤더 파일</Filter>
    </ClInclude>
    <ClInclude Include="include\Enemy\BossRangedAttack.h">
      <Filter>헤더 파일</Filter>
    </ClInclude>
  </ItemGroup>
  <ItemGroup>
    <None Include="resources\textures\sky.hdr">
      <Filter>리소스 파일</Filter>
    </None>
  </ItemGroup>
  <ItemGroup>
    <Image Include="resources\textures\T_Sky0005_DaySun.PNG">
      <Filter>리소스 파일</Filter>
    </Image>
    <Image Include="resources\textures\FS003_Day_Sunless.png">
      <Filter>리소스 파일</Filter>
    </Image>
    <Image Include="resources\textures\FS017_Day_Sunless.png">
      <Filter>리소스 파일</Filter>
    </Image>
    <Image Include="resources\textures\FS002_Day_Sunless.png">
      <Filter>리소스 파일</Filter>
    </Image>
  </ItemGroup>
</Project>