<?xml version="1.0" encoding="utf-8"?>
<Project ToolsVersion="4.0" xmlns="http://schemas.microsoft.com/developer/msbuild/2003">
  <ItemGroup>
    <Filter Include="소스 파일">
      <UniqueIdentifier>{4FC737F1-C7A5-4376-A066-2A32D752A2FF}</UniqueIdentifier>
      <Extensions>cpp;c;cc;cxx;c++;cppm;ixx;def;odl;idl;hpj;bat;asm;asmx</Extensions>
    </Filter>
    <Filter Include="헤더 파일">
      <UniqueIdentifier>{93995380-89BD-4b04-88EB-625FBE52EBFB}</UniqueIdentifier>
      <Extensions>h;hh;hpp;hxx;h++;hm;inl;inc;ipp;xsd</Extensions>
    </Filter>
    <Filter Include="리소스 파일">
      <UniqueIdentifier>{67DA6AB6-F800-4c08-8B7A-83BB121AAD01}</UniqueIdentifier>
      <Extensions>rc;ico;cur;bmp;dlg;rc2;rct;bin;rgs;gif;jpg;jpeg;jpe;resx;tiff;tif;png;wav;mfcribbon-ms</Extensions>
    </Filter>
    <Filter Include="소스 파일\ImGui">
      <UniqueIdentifier>{98622623-9029-47c9-b5ff-d91383e5417b}</UniqueIdentifier>
    </Filter>
    <Filter Include="헤더 파일\Components">
      <UniqueIdentifier>{61cd5615-0a09-4077-89d6-9d4b2856bc49}</UniqueIdentifier>
    </Filter>
    <Filter Include="소스 파일\Components">
      <UniqueIdentifier>{d7a70a43-03d6-45dd-bc7f-5fa84c4d8052}</UniqueIdentifier>
    </Filter>
    <Filter Include="소스 파일\RenderPipeline">
      <UniqueIdentifier>{20f699d3-2752-48b3-9640-b06791257c05}</UniqueIdentifier>
    </Filter>
    <Filter Include="헤더 파일\RenderPipeline">
      <UniqueIdentifier>{c79692c3-70b1-4193-bdb4-5a5ed4c3b9aa}</UniqueIdentifier>
    </Filter>
    <Filter Include="헤더 파일\Components\Camera">
      <UniqueIdentifier>{3f2a5944-965d-4ef2-b513-25076592d3a4}</UniqueIdentifier>
    </Filter>
    <Filter Include="헤더 파일\Components\Renderer">
      <UniqueIdentifier>{b36bde8a-8757-44b0-b8f6-e223f4f35686}</UniqueIdentifier>
    </Filter>
    <Filter Include="헤더 파일\Bounds">
      <UniqueIdentifier>{f12f6c4d-0667-4872-97a9-dfd2850b82fc}</UniqueIdentifier>
    </Filter>
    <Filter Include="소스 파일\Components\Camera">
      <UniqueIdentifier>{cffd78d9-bc65-4b17-aba5-b0ecfb732af4}</UniqueIdentifier>
    </Filter>
    <Filter Include="소스 파일\Components\Renderer">
      <UniqueIdentifier>{edd503e7-2d13-42de-bf78-38a9243227bf}</UniqueIdentifier>
    </Filter>
    <Filter Include="소스 파일\Physics">
      <UniqueIdentifier>{8948a3ab-1a5b-477e-9d91-f406df28863a}</UniqueIdentifier>
    </Filter>
    <Filter Include="헤더 파일\Physics">
      <UniqueIdentifier>{15516dbe-209b-4575-8fec-5c377cba0c8f}</UniqueIdentifier>
    </Filter>
    <Filter Include="헤더 파일\Legacy">
      <UniqueIdentifier>{02408044-e563-44eb-b87e-3e96250d0b59}</UniqueIdentifier>
    </Filter>
    <Filter Include="소스 파일\Legacy">
      <UniqueIdentifier>{0c5fdcd9-fa33-4c60-b46e-f49869b5114b}</UniqueIdentifier>
    </Filter>
    <Filter Include="헤더 파일\FreeType">
      <UniqueIdentifier>{685fb434-415f-4081-9bdf-dd56ad5393a1}</UniqueIdentifier>
    </Filter>
  </ItemGroup>
  <ItemGroup>
    <ClInclude Include="include\System.h">
      <Filter>헤더 파일</Filter>
    </ClInclude>
    <ClInclude Include="include\D3DManager.h">
      <Filter>헤더 파일</Filter>
    </ClInclude>
    <ClInclude Include="include\InputManager.h">
      <Filter>헤더 파일</Filter>
    </ClInclude>
    <ClInclude Include="include\Singleton.h">
      <Filter>헤더 파일</Filter>
    </ClInclude>
    <ClInclude Include="include\WindowClass.h">
      <Filter>헤더 파일</Filter>
    </ClInclude>
    <ClInclude Include="include\ConstantBufferManager.h">
      <Filter>헤더 파일</Filter>
    </ClInclude>
    <ClInclude Include="include\ConstantBuffer.h">
      <Filter>헤더 파일</Filter>
    </ClInclude>
    <ClInclude Include="include\Shader.h">
      <Filter>헤더 파일</Filter>
    </ClInclude>
    <ClInclude Include="include\MathHelper.h">
      <Filter>헤더 파일</Filter>
    </ClInclude>
    <ClInclude Include="include\ImGuiClass.h">
      <Filter>헤더 파일</Filter>
    </ClInclude>
    <ClInclude Include="include\Texture2D.h">
      <Filter>헤더 파일</Filter>
    </ClInclude>
    <ClInclude Include="include\Sampler.h">
      <Filter>헤더 파일</Filter>
    </ClInclude>
    <ClInclude Include="include\Material.h">
      <Filter>헤더 파일</Filter>
    </ClInclude>
    <ClInclude Include="include\Mesh.h">
      <Filter>헤더 파일</Filter>
    </ClInclude>
    <ClInclude Include="include\RenderStateManager.h">
      <Filter>헤더 파일</Filter>
    </ClInclude>
    <ClInclude Include="include\Model.h">
      <Filter>헤더 파일</Filter>
    </ClInclude>
    <ClInclude Include="include\ResourceManager.h">
      <Filter>헤더 파일</Filter>
    </ClInclude>
    <ClInclude Include="include\LogManager.h">
      <Filter>헤더 파일</Filter>
    </ClInclude>
    <ClInclude Include="include\Log.h">
      <Filter>헤더 파일</Filter>
    </ClInclude>
    <ClInclude Include="include\SamplerStateManager.h">
      <Filter>헤더 파일</Filter>
    </ClInclude>
    <ClInclude Include="include\Transform.h">
      <Filter>헤더 파일</Filter>
    </ClInclude>
    <ClInclude Include="include\GameObject.h">
      <Filter>헤더 파일</Filter>
    </ClInclude>
    <ClInclude Include="include\Scene.h">
      <Filter>헤더 파일</Filter>
    </ClInclude>
    <ClInclude Include="include\SceneManager.h">
      <Filter>헤더 파일</Filter>
    </ClInclude>
    <ClInclude Include="include\TimeClass.h">
      <Filter>헤더 파일</Filter>
    </ClInclude>
    <ClInclude Include="include\Animation.h">
      <Filter>헤더 파일</Filter>
    </ClInclude>
    <ClInclude Include="include\Bone.h">
      <Filter>헤더 파일</Filter>
    </ClInclude>
    <ClInclude Include="include\Animdata.h">
      <Filter>헤더 파일</Filter>
    </ClInclude>
    <ClInclude Include="include\Assimp_DX_helpers.h">
      <Filter>헤더 파일</Filter>
    </ClInclude>
    <ClInclude Include="include\SceneFactory.h">
      <Filter>헤더 파일</Filter>
    </ClInclude>
    <ClInclude Include="include\EventBus.h">
      <Filter>헤더 파일</Filter>
    </ClInclude>
    <ClInclude Include="include\Animator.h">
      <Filter>헤더 파일\Components</Filter>
    </ClInclude>
    <ClInclude Include="include\Component.h">
      <Filter>헤더 파일\Components</Filter>
    </ClInclude>
    <ClInclude Include="include\PrimitiveMeshFactory.h">
      <Filter>헤더 파일</Filter>
    </ClInclude>
    <ClInclude Include="include\VertexType.h">
      <Filter>헤더 파일</Filter>
    </ClInclude>
    <ClInclude Include="include\RenderPipeline.h">
      <Filter>헤더 파일\RenderPipeline</Filter>
    </ClInclude>
    <ClInclude Include="include\RenderCommandList.h">
      <Filter>헤더 파일\RenderPipeline</Filter>
    </ClInclude>
    <ClInclude Include="include\ResourceDesc.h">
      <Filter>헤더 파일\RenderPipeline</Filter>
    </ClInclude>
    <ClInclude Include="include\RenderTargetResource.h">
      <Filter>헤더 파일\RenderPipeline</Filter>
    </ClInclude>
    <ClInclude Include="include\Light.h">
      <Filter>헤더 파일\Components</Filter>
    </ClInclude>
    <ClInclude Include="include\EnvironmentMap.h">
      <Filter>헤더 파일</Filter>
    </ClInclude>
    <ClInclude Include="include\stb_image.h">
      <Filter>헤더 파일</Filter>
    </ClInclude>
    <ClInclude Include="include\BoundingVolume.h">
      <Filter>헤더 파일\Bounds</Filter>
    </ClInclude>
    <ClInclude Include="include\Camera.h">
      <Filter>헤더 파일\Components\Camera</Filter>
    </ClInclude>
    <ClInclude Include="include\EditorCameraController.h">
      <Filter>헤더 파일\Components\Camera</Filter>
    </ClInclude>
    <ClInclude Include="include\MeshRenderer.h">
      <Filter>헤더 파일\Components\Renderer</Filter>
    </ClInclude>
    <ClInclude Include="include\SkinnedRenderer.h">
      <Filter>헤더 파일\Components\Renderer</Filter>
    </ClInclude>
    <ClInclude Include="include\RendererComponent.h">
      <Filter>헤더 파일\Components\Renderer</Filter>
    </ClInclude>
    <ClInclude Include="include\Frustum.h">
      <Filter>헤더 파일\Bounds</Filter>
    </ClInclude>
    <ClInclude Include="include\DebugRenderer.h">
      <Filter>헤더 파일\RenderPipeline</Filter>
    </ClInclude>
    <ClInclude Include="include\EngineSystem.h">
      <Filter>헤더 파일</Filter>
    </ClInclude>
    <ClInclude Include="include\Engine.h">
      <Filter>헤더 파일</Filter>
    </ClInclude>
    <ClInclude Include="include\Physics_Legacy.h">
      <Filter>헤더 파일\Legacy</Filter>
    </ClInclude>
    <ClInclude Include="include\BVHNode.h">
      <Filter>헤더 파일\Legacy</Filter>
    </ClInclude>
    <ClInclude Include="include\Collision_Legacy.h">
      <Filter>헤더 파일\Legacy</Filter>
    </ClInclude>
    <ClInclude Include="include\Contact_Legacy.h">
      <Filter>헤더 파일\Legacy</Filter>
    </ClInclude>
    <ClInclude Include="include\Collider_Legacy.h">
      <Filter>헤더 파일\Legacy</Filter>
    </ClInclude>
    <ClInclude Include="include\Rigidbody_Legacy.h">
      <Filter>헤더 파일\Legacy</Filter>
    </ClInclude>
    <ClInclude Include="include\PhysicsSystem.h">
      <Filter>헤더 파일\Physics</Filter>
    </ClInclude>
    <ClInclude Include="include\pch.h">
      <Filter>헤더 파일</Filter>
    </ClInclude>
    <ClInclude Include="include\RenderGraph.h">
      <Filter>헤더 파일\RenderPipeline</Filter>
    </ClInclude>
    <ClInclude Include="include\Rp3dRigidbody.h">
      <Filter>헤더 파일\Physics</Filter>
    </ClInclude>
    <ClInclude Include="include\Rp3dCollider.h">
      <Filter>헤더 파일\Physics</Filter>
    </ClInclude>
    <ClInclude Include="include\RandomClass.h">
      <Filter>헤더 파일</Filter>
    </ClInclude>
    <ClInclude Include="include\CollisionMask.h">
      <Filter>헤더 파일\Physics</Filter>
    </ClInclude>
    <ClInclude Include="include\Rp3dCollisionPair.h">
      <Filter>헤더 파일\Physics</Filter>
    </ClInclude>
    <ClInclude Include="include\PhysicsEventListener.h">
      <Filter>헤더 파일\Physics</Filter>
    </ClInclude>
    <ClInclude Include="include\ObjectTag.h">
      <Filter>헤더 파일</Filter>
    </ClInclude>
    <ClInclude Include="include\Raycast.h">
      <Filter>헤더 파일\Physics</Filter>
    </ClInclude>
    <ClInclude Include="include\CollisionData.h">
      <Filter>헤더 파일\Physics</Filter>
    </ClInclude>
    <ClInclude Include="include\Socket.h">
      <Filter>헤더 파일\Components</Filter>
    </ClInclude>
    <ClInclude Include="include\EffectRenderer.h">
      <Filter>헤더 파일\Components\Renderer</Filter>
    </ClInclude>
    <ClInclude Include="include\RenderQueue.h">
      <Filter>헤더 파일</Filter>
    </ClInclude>
    <ClInclude Include="include\SpriteSheet.h">
      <Filter>헤더 파일</Filter>
    </ClInclude>
    <ClInclude Include="include\EffectComponent.h">
      <Filter>헤더 파일\Components</Filter>
    </ClInclude>
    <ClInclude Include="include\Font.h">
      <Filter>헤더 파일</Filter>
    </ClInclude>
    <ClInclude Include="include\ft2build.h">
      <Filter>헤더 파일</Filter>
    </ClInclude>
    <ClInclude Include="include\freetype\ftwinfnt.h">
      <Filter>헤더 파일\FreeType</Filter>
    </ClInclude>
    <ClInclude Include="include\freetype\otsvg.h">
      <Filter>헤더 파일\FreeType</Filter>
    </ClInclude>
    <ClInclude Include="include\freetype\t1tables.h">
      <Filter>헤더 파일\FreeType</Filter>
    </ClInclude>
    <ClInclude Include="include\freetype\ttnameid.h">
      <Filter>헤더 파일\FreeType</Filter>
    </ClInclude>
    <ClInclude Include="include\freetype\tttables.h">
      <Filter>헤더 파일\FreeType</Filter>
    </ClInclude>
    <ClInclude Include="include\freetype\tttags.h">
      <Filter>헤더 파일\FreeType</Filter>
    </ClInclude>
    <ClInclude Include="include\freetype\freetype.h">
      <Filter>헤더 파일\FreeType</Filter>
    </ClInclude>
    <ClInclude Include="include\freetype\ftadvanc.h">
      <Filter>헤더 파일\FreeType</Filter>
    </ClInclude>
    <ClInclude Include="include\freetype\ftbbox.h">
      <Filter>헤더 파일\FreeType</Filter>
    </ClInclude>
    <ClInclude Include="include\freetype\ftbdf.h">
      <Filter>헤더 파일\FreeType</Filter>
    </ClInclude>
    <ClInclude Include="include\freetype\ftbitmap.h">
      <Filter>헤더 파일\FreeType</Filter>
    </ClInclude>
    <ClInclude Include="include\freetype\ftbzip2.h">
      <Filter>헤더 파일\FreeType</Filter>
    </ClInclude>
    <ClInclude Include="include\freetype\ftcache.h">
      <Filter>헤더 파일\FreeType</Filter>
    </ClInclude>
    <ClInclude Include="include\freetype\ftchapters.h">
      <Filter>헤더 파일\FreeType</Filter>
    </ClInclude>
    <ClInclude Include="include\freetype\ftcid.h">
      <Filter>헤더 파일\FreeType</Filter>
    </ClInclude>
    <ClInclude Include="include\freetype\ftcolor.h">
      <Filter>헤더 파일\FreeType</Filter>
    </ClInclude>
    <ClInclude Include="include\freetype\ftdriver.h">
      <Filter>헤더 파일\FreeType</Filter>
    </ClInclude>
    <ClInclude Include="include\freetype\fterrdef.h">
      <Filter>헤더 파일\FreeType</Filter>
    </ClInclude>
    <ClInclude Include="include\freetype\fterrors.h">
      <Filter>헤더 파일\FreeType</Filter>
    </ClInclude>
    <ClInclude Include="include\freetype\ftfntfmt.h">
      <Filter>헤더 파일\FreeType</Filter>
    </ClInclude>
    <ClInclude Include="include\freetype\ftgasp.h">
      <Filter>헤더 파일\FreeType</Filter>
    </ClInclude>
    <ClInclude Include="include\freetype\ftglyph.h">
      <Filter>헤더 파일\FreeType</Filter>
    </ClInclude>
    <ClInclude Include="include\freetype\ftgxval.h">
      <Filter>헤더 파일\FreeType</Filter>
    </ClInclude>
    <ClInclude Include="include\freetype\ftgzip.h">
      <Filter>헤더 파일\FreeType</Filter>
    </ClInclude>
    <ClInclude Include="include\freetype\ftimage.h">
      <Filter>헤더 파일\FreeType</Filter>
    </ClInclude>
    <ClInclude Include="include\freetype\ftincrem.h">
      <Filter>헤더 파일\FreeType</Filter>
    </ClInclude>
    <ClInclude Include="include\freetype\ftlcdfil.h">
      <Filter>헤더 파일\FreeType</Filter>
    </ClInclude>
    <ClInclude Include="include\freetype\ftlist.h">
      <Filter>헤더 파일\FreeType</Filter>
    </ClInclude>
    <ClInclude Include="include\freetype\ftlogging.h">
      <Filter>헤더 파일\FreeType</Filter>
    </ClInclude>
    <ClInclude Include="include\freetype\ftlzw.h">
      <Filter>헤더 파일\FreeType</Filter>
    </ClInclude>
    <ClInclude Include="include\freetype\ftmac.h">
      <Filter>헤더 파일\FreeType</Filter>
    </ClInclude>
    <ClInclude Include="include\freetype\ftmm.h">
      <Filter>헤더 파일\FreeType</Filter>
    </ClInclude>
    <ClInclude Include="include\freetype\ftmodapi.h">
      <Filter>헤더 파일\FreeType</Filter>
    </ClInclude>
    <ClInclude Include="include\freetype\ftmoderr.h">
      <Filter>헤더 파일\FreeType</Filter>
    </ClInclude>
    <ClInclude Include="include\freetype\ftotval.h">
      <Filter>헤더 파일\FreeType</Filter>
    </ClInclude>
    <ClInclude Include="include\freetype\ftoutln.h">
      <Filter>헤더 파일\FreeType</Filter>
    </ClInclude>
    <ClInclude Include="include\freetype\ftparams.h">
      <Filter>헤더 파일\FreeType</Filter>
    </ClInclude>
    <ClInclude Include="include\freetype\ftpfr.h">
      <Filter>헤더 파일\FreeType</Filter>
    </ClInclude>
    <ClInclude Include="include\freetype\ftrender.h">
      <Filter>헤더 파일\FreeType</Filter>
    </ClInclude>
    <ClInclude Include="include\freetype\ftsizes.h">
      <Filter>헤더 파일\FreeType</Filter>
    </ClInclude>
    <ClInclude Include="include\freetype\ftsnames.h">
      <Filter>헤더 파일\FreeType</Filter>
    </ClInclude>
    <ClInclude Include="include\freetype\ftstroke.h">
      <Filter>헤더 파일\FreeType</Filter>
    </ClInclude>
    <ClInclude Include="include\freetype\ftsynth.h">
      <Filter>헤더 파일\FreeType</Filter>
    </ClInclude>
    <ClInclude Include="include\freetype\ftsystem.h">
      <Filter>헤더 파일\FreeType</Filter>
    </ClInclude>
    <ClInclude Include="include\freetype\fttrigon.h">
      <Filter>헤더 파일\FreeType</Filter>
    </ClInclude>
    <ClInclude Include="include\freetype\fttypes.h">
      <Filter>헤더 파일\FreeType</Filter>
    </ClInclude>
    <ClInclude Include="include\TextComponent.h">
      <Filter>헤더 파일\Components</Filter>
    </ClInclude>
    <ClInclude Include="include\TextRenderer.h">
      <Filter>헤더 파일</Filter>
    </ClInclude>
  </ItemGroup>
  <ItemGroup>
    <ClCompile Include="src\D3DManager.cpp">
      <Filter>소스 파일</Filter>
    </ClCompile>
    <ClCompile Include="src\WindowClass.cpp">
      <Filter>소스 파일</Filter>
    </ClCompile>
    <ClCompile Include="src\System.cpp">
      <Filter>소스 파일</Filter>
    </ClCompile>
    <ClCompile Include="src\InputManager.cpp">
      <Filter>소스 파일</Filter>
    </ClCompile>
    <ClCompile Include="src\ConstantBufferManager.cpp">
      <Filter>소스 파일</Filter>
    </ClCompile>
    <ClCompile Include="src\Shader.cpp">
      <Filter>소스 파일</Filter>
    </ClCompile>
    <ClCompile Include="src\ImGuiClass.cpp">
      <Filter>소스 파일</Filter>
    </ClCompile>
    <ClCompile Include="..\external\ImGui\imgui.cpp">
      <Filter>소스 파일\ImGui</Filter>
    </ClCompile>
    <ClCompile Include="..\external\ImGui\imgui_draw.cpp">
      <Filter>소스 파일\ImGui</Filter>
    </ClCompile>
    <ClCompile Include="..\external\ImGui\imgui_impl_dx11.cpp">
      <Filter>소스 파일\ImGui</Filter>
    </ClCompile>
    <ClCompile Include="..\external\ImGui\imgui_impl_win32.cpp">
      <Filter>소스 파일\ImGui</Filter>
    </ClCompile>
    <ClCompile Include="..\external\ImGui\imgui_tables.cpp">
      <Filter>소스 파일\ImGui</Filter>
    </ClCompile>
    <ClCompile Include="..\external\ImGui\imgui_widgets.cpp">
      <Filter>소스 파일\ImGui</Filter>
    </ClCompile>
    <ClCompile Include="src\Texture2D.cpp">
      <Filter>소스 파일</Filter>
    </ClCompile>
    <ClCompile Include="src\Sampler.cpp">
      <Filter>소스 파일</Filter>
    </ClCompile>
    <ClCompile Include="src\Material.cpp">
      <Filter>소스 파일</Filter>
    </ClCompile>
    <ClCompile Include="src\Mesh.cpp">
      <Filter>소스 파일</Filter>
    </ClCompile>
    <ClCompile Include="src\RenderStateManager.cpp">
      <Filter>소스 파일</Filter>
    </ClCompile>
    <ClCompile Include="src\Model.cpp">
      <Filter>소스 파일</Filter>
    </ClCompile>
    <ClCompile Include="src\ResourceManager.cpp">
      <Filter>소스 파일</Filter>
    </ClCompile>
    <ClCompile Include="src\SamplerStateManager.cpp">
      <Filter>소스 파일</Filter>
    </ClCompile>
    <ClCompile Include="src\Transform.cpp">
      <Filter>소스 파일</Filter>
    </ClCompile>
    <ClCompile Include="src\GameObject.cpp">
      <Filter>소스 파일</Filter>
    </ClCompile>
    <ClCompile Include="src\Scene.cpp">
      <Filter>소스 파일</Filter>
    </ClCompile>
    <ClCompile Include="src\SceneManager.cpp">
      <Filter>소스 파일</Filter>
    </ClCompile>
    <ClCompile Include="src\TimeClass.cpp">
      <Filter>소스 파일</Filter>
    </ClCompile>
    <ClCompile Include="src\Animation.cpp">
      <Filter>소스 파일</Filter>
    </ClCompile>
    <ClCompile Include="src\Bone.cpp">
      <Filter>소스 파일</Filter>
    </ClCompile>
    <ClCompile Include="src\EventBus.cpp">
      <Filter>소스 파일</Filter>
    </ClCompile>
    <ClCompile Include="src\Animator.cpp">
      <Filter>소스 파일\Components</Filter>
    </ClCompile>
    <ClCompile Include="src\Component.cpp">
      <Filter>소스 파일\Components</Filter>
    </ClCompile>
    <ClCompile Include="src\PrimitiveMeshFactory.cpp">
      <Filter>소스 파일</Filter>
    </ClCompile>
    <ClCompile Include="src\RenderPipeline.cpp">
      <Filter>소스 파일\RenderPipeline</Filter>
    </ClCompile>
    <ClCompile Include="src\RenderCommandList.cpp">
      <Filter>소스 파일\RenderPipeline</Filter>
    </ClCompile>
    <ClCompile Include="src\RenderGraph.cpp">
      <Filter>소스 파일\RenderPipeline</Filter>
    </ClCompile>
    <ClCompile Include="src\ResourceDesc.cpp">
      <Filter>소스 파일\RenderPipeline</Filter>
    </ClCompile>
    <ClCompile Include="src\RenderTargetResource.cpp">
      <Filter>소스 파일\RenderPipeline</Filter>
    </ClCompile>
    <ClCompile Include="src\Light.cpp">
      <Filter>소스 파일\Components</Filter>
    </ClCompile>
    <ClCompile Include="src\EnvironmentMap.cpp">
      <Filter>소스 파일</Filter>
    </ClCompile>
    <ClCompile Include="src\stb_image.cpp">
      <Filter>소스 파일</Filter>
    </ClCompile>
    <ClCompile Include="src\DebugRenderer.cpp">
      <Filter>소스 파일\RenderPipeline</Filter>
    </ClCompile>
    <ClCompile Include="src\Camera.cpp">
      <Filter>소스 파일\Components\Camera</Filter>
    </ClCompile>
    <ClCompile Include="src\EditorCameraController.cpp">
      <Filter>소스 파일\Components\Camera</Filter>
    </ClCompile>
    <ClCompile Include="src\MeshRenderer.cpp">
      <Filter>소스 파일\Components\Renderer</Filter>
    </ClCompile>
    <ClCompile Include="src\SkinnedRenderer.cpp">
      <Filter>소스 파일\Components\Renderer</Filter>
    </ClCompile>
    <ClCompile Include="src\BVHNode.cpp">
      <Filter>소스 파일\Legacy</Filter>
    </ClCompile>
    <ClCompile Include="src\Collision_Legacy.cpp">
      <Filter>소스 파일\Legacy</Filter>
    </ClCompile>
    <ClCompile Include="src\Physics_Legacy.cpp">
      <Filter>소스 파일\Legacy</Filter>
    </ClCompile>
    <ClCompile Include="src\Rigidbody_Legacy.cpp">
      <Filter>소스 파일\Legacy</Filter>
    </ClCompile>
    <ClCompile Include="src\Collider_Legacy.cpp">
      <Filter>소스 파일\Legacy</Filter>
    </ClCompile>
    <ClCompile Include="src\pch.cpp">
      <Filter>소스 파일</Filter>
    </ClCompile>
    <ClCompile Include="src\PhysicsSystem.cpp">
      <Filter>소스 파일\Physics</Filter>
    </ClCompile>
    <ClCompile Include="src\Rp3dRigidbody.cpp">
      <Filter>소스 파일\Physics</Filter>
    </ClCompile>
    <ClCompile Include="src\Rp3dCollider.cpp">
      <Filter>소스 파일\Physics</Filter>
    </ClCompile>
    <ClCompile Include="src\PhysicsEventListener.cpp">
      <Filter>소스 파일\Physics</Filter>
    </ClCompile>
    <ClCompile Include="src\Raycast.cpp">
      <Filter>소스 파일\Physics</Filter>
    </ClCompile>
    <ClCompile Include="src\Socket.cpp">
      <Filter>소스 파일\Components</Filter>
    </ClCompile>
    <ClCompile Include="src\EffectRenderer.cpp">
      <Filter>소스 파일\Components\Renderer</Filter>
    </ClCompile>
    <ClCompile Include="src\RendererComponent.cpp">
      <Filter>소스 파일\Components\Renderer</Filter>
    </ClCompile>
    <ClCompile Include="src\SpriteSheet.cpp">
      <Filter>소스 파일</Filter>
    </ClCompile>
    <ClCompile Include="src\EffectComponent.cpp">
      <Filter>소스 파일\Components</Filter>
    </ClCompile>
    <ClCompile Include="src\Font.cpp">
      <Filter>소스 파일</Filter>
    </ClCompile>
    <ClCompile Include="src\TextRenderer.cpp">
      <Filter>소스 파일</Filter>
    </ClCompile>
    <ClCompile Include="src\TextComponent.cpp">
      <Filter>소스 파일\Components</Filter>
    </ClCompile>
    <ClCompile Include="..\external\ImGui\misc\cpp\imgui_stdlib.cpp">
      <Filter>소스 파일\ImGui</Filter>
    </ClCompile>
  </ItemGroup>
  <ItemGroup>
    <FxCompile Include="..\Assets\shaders\BackBufferShader.hlsl">
      <Filter>리소스 파일</Filter>
    </FxCompile>
    <FxCompile Include="..\Assets\shaders\BasicShader.hlsl">
      <Filter>리소스 파일</Filter>
    </FxCompile>
    <FxCompile Include="..\Assets\shaders\BrdfShader.hlsl">
      <Filter>리소스 파일</Filter>
    </FxCompile>
    <FxCompile Include="..\Assets\shaders\DebugShader.hlsl">
      <Filter>리소스 파일</Filter>
    </FxCompile>
    <FxCompile Include="..\Assets\shaders\EnvironmentCubeShader.hlsl">
      <Filter>리소스 파일</Filter>
    </FxCompile>
    <FxCompile Include="..\Assets\shaders\ForwardSkinningShader.hlsl">
      <Filter>리소스 파일</Filter>
    </FxCompile>
    <FxCompile Include="..\Assets\shaders\ForwardTexturedShader.hlsl">
      <Filter>리소스 파일</Filter>
    </FxCompile>
    <FxCompile Include="..\Assets\shaders\IrradianceMapShader.hlsl">
      <Filter>리소스 파일</Filter>
    </FxCompile>
    <FxCompile Include="..\Assets\shaders\NormalEffectShader.hlsl">
      <Filter>리소스 파일</Filter>
    </FxCompile>
    <FxCompile Include="..\Assets\shaders\PBR_ToonShader.hlsl">
      <Filter>리소스 파일</Filter>
    </FxCompile>
    <FxCompile Include="..\Assets\shaders\PostProcessShader.hlsl">
      <Filter>리소스 파일</Filter>
    </FxCompile>
    <FxCompile Include="..\Assets\shaders\PrefilteredEnvMapShader.hlsl">
      <Filter>리소스 파일</Filter>
    </FxCompile>
    <FxCompile Include="..\Assets\shaders\ScreenBillboardShader.hlsl">
      <Filter>리소스 파일</Filter>
    </FxCompile>
    <FxCompile Include="..\Assets\shaders\SkinningShader.hlsl">
      <Filter>리소스 파일</Filter>
    </FxCompile>
    <FxCompile Include="..\Assets\shaders\SkyboxShader.hlsl">
      <Filter>리소스 파일</Filter>
    </FxCompile>
    <FxCompile Include="..\Assets\shaders\TextShader.hlsl">
      <Filter>리소스 파일</Filter>
    </FxCompile>
    <FxCompile Include="..\Assets\shaders\TextureShader.hlsl">
      <Filter>리소스 파일</Filter>
    </FxCompile>
  </ItemGroup>
  <ItemGroup>
    <None Include="..\Assets\shaders\Common\Lighting.hlsli">
      <Filter>리소스 파일</Filter>
    </None>
  </ItemGroup>
</Project>